
Microsoft Visual Studio Solution File, Format Version 12.00
# Visual Studio Version 17
VisualStudioVersion = 17.14.36202.13
MinimumVisualStudioVersion = 10.0.40219.1
Project("{54A90642-561A-4BB1-A94E-469ADEE60C69}") = "proyecto_emilencalada.client", "proyecto_emilencalada.client\proyecto_emilencalada.client.esproj", "{28A786D8-1E58-EC68-FAAA-71C00170E3C7}"
EndProject
Project("{FAE04EC0-301F-11D3-BF4B-00C04F79EFBC}") = "Proyecto_EmilEncalada.Server", "Proyecto_EmilEncalada.Server\Proyecto_EmilEncalada.Server.csproj", "{267EFA64-415C-4D88-81CB-18AB36A46FDB}"
EndProject
Global
	GlobalSection(SolutionConfigurationPlatforms) = preSolution
		Debug|Any CPU = Debug|Any CPU
		Release|Any CPU = Release|Any CPU
	EndGlobalSection
	GlobalSection(ProjectConfigurationPlatforms) = postSolution
		{28A786D8-1E58-EC68-FAAA-71C00170E3C7}.Debug|Any CPU.ActiveCfg = Debug|Any CPU
		{28A786D8-1E58-EC68-FAAA-71C00170E3C7}.Debug|Any CPU.Build.0 = Debug|Any CPU
		{28A786D8-1E58-EC68-FAAA-71C00170E3C7}.Debug|Any CPU.Deploy.0 = Debug|Any CPU
		{28A786D8-1E58-EC68-FAAA-71C00170E3C7}.Release|Any CPU.ActiveCfg = Release|Any CPU
		{28A786D8-1E58-EC68-FAAA-71C00170E3C7}.Release|Any CPU.Build.0 = Release|Any CPU
		{28A786D8-1E58-EC68-FAAA-71C00170E3C7}.Release|Any CPU.Deploy.0 = Release|Any CPU
		{267EFA64-415C-4D88-81CB-18AB36A46FDB}.Debug|Any CPU.ActiveCfg = Debug|Any CPU
		{267EFA64-415C-4D88-81CB-18AB36A46FDB}.Debug|Any CPU.Build.0 = Debug|Any CPU
		{267EFA64-415C-4D88-81CB-18AB36A46FDB}.Release|Any CPU.ActiveCfg = Release|Any CPU
		{267EFA64-415C-4D88-81CB-18AB36A46FDB}.Release|Any CPU.Build.0 = Release|Any CPU
	EndGlobalSection
	GlobalSection(SolutionProperties) = preSolution
		HideSolutionNode = FALSE
	EndGlobalSection
	GlobalSection(ExtensibilityGlobals) = postSolution
		SolutionGuid = {F70CF167-1C51-42DA-A8DC-6F66D2D95625}
	EndGlobalSection
EndGlobal
